// !$*UTF8*$!
{
	archiveVersion = 1;
	classes = {
	};
	objectVersion = 77;
	objects = {

/* Begin PBXBuildFile section */
		D85596AE2F83FF72005BE7FE /* RealityKitContent in Frameworks */ = {isa = PBXBuildFile; productRef = D85596AD2F83FF72005BE7FE /* RealityKitContent */; };
		2D68D2A6F2F444DAB62E88DF /* ZIPFoundation in Frameworks */ = {isa = PBXBuildFile; productRef = 83545B10812945C78780DB2C /* ZIPFoundation */; };
		D5BDD7D2BFC4449DACA31CD2 /* ZIPFoundation in Frameworks */ = {isa = PBXBuildFile; productRef = 83545B10812945C78780DB2C /* ZIPFoundation */; };
/* End PBXBuildFile section */

/* Begin PBXContainerItemProxy section */
		D85596BD2F83FF74005BE7FE /* PBXContainerItemProxy */ = {
			isa = PBXContainerItemProxy;
			containerPortal = D8D428052F4DFD3800EC9C9B /* Project object */;
			proxyType = 1;
			remoteGlobalIDString = D85596A82F83FF72005BE7FE;
			remoteInfo = LonelyPianistAVP;
		};
		E10000012A9B000100000007 /* PBXContainerItemProxy */ = {
			isa = PBXContainerItemProxy;
			containerPortal = D8D428052F4DFD3800EC9C9B /* Project object */;
			proxyType = 1;
			remoteGlobalIDString = D8D4280C2F4DFD3800EC9C9B;
			remoteInfo = LonelyPianist;
		};
/* End PBXContainerItemProxy section */

/* Begin PBXFileReference section */
		D85596AC2F83FF72005BE7FE /* RealityKitContent */ = {isa = PBXFileReference; lastKnownFileType = text; path = RealityKitContent; sourceTree = "<group>"; };
		D8EA41B62F978A340059B709 /* LonelyPianistAVP.app */ = {isa = PBXFileReference; explicitFileType = wrapper.application; includeInIndex = 0; path = LonelyPianistAVP.app; sourceTree = BUILT_PRODUCTS_DIR; };
		D8EA41B72F978A340059B709 /* LonelyPianist.app */ = {isa = PBXFileReference; explicitFileType = wrapper.application; includeInIndex = 0; path = LonelyPianist.app; sourceTree = BUILT_PRODUCTS_DIR; };
		D8EA41B82F978A340059B709 /* LonelyPianistTests.xctest */ = {isa = PBXFileReference; explicitFileType = wrapper.cfbundle; includeInIndex = 0; path = LonelyPianistTests.xctest; sourceTree = BUILT_PRODUCTS_DIR; };
		D8EA41B92F978A340059B709 /* LonelyPianistAVPTests.xctest */ = {isa = PBXFileReference; explicitFileType = wrapper.cfbundle; includeInIndex = 0; path = LonelyPianistAVPTests.xctest; sourceTree = BUILT_PRODUCTS_DIR; };
/* End PBXFileReference section */

/* Begin PBXFileSystemSynchronizedBuildFileExceptionSet section */
		43211432ECD449DA986D359D /* Exceptions for "LonelyPianist" folder in "LonelyPianist" target */ = {
			isa = PBXFileSystemSynchronizedBuildFileExceptionSet;
			membershipExceptions = (
				Info.plist,
			);
			target = D8D4280C2F4DFD3800EC9C9B /* LonelyPianist */;
		};
		D85596C62F83FF74005BE7FE /* Exceptions for "LonelyPianistAVP" folder in "LonelyPianistAVP" target */ = {
			isa = PBXFileSystemSynchronizedBuildFileExceptionSet;
			membershipExceptions = (
				Info.plist,
			);
			target = D85596A82F83FF72005BE7FE /* LonelyPianistAVP */;
		};
/* End PBXFileSystemSynchronizedBuildFileExceptionSet section */

/* Begin PBXFileSystemSynchronizedRootGroup section */
		D85596AA2F83FF72005BE7FE /* LonelyPianistAVP */ = {
			isa = PBXFileSystemSynchronizedRootGroup;
			exceptions = (
				D85596C62F83FF74005BE7FE /* Exceptions for "LonelyPianistAVP" folder in "LonelyPianistAVP" target */,
			);
			path = LonelyPianistAVP;
			sourceTree = "<group>";
		};
		D85596BF2F83FF74005BE7FE /* LonelyPianistAVPTests */ = {
			isa = PBXFileSystemSynchronizedRootGroup;
			path = LonelyPianistAVPTests;
			sourceTree = "<group>";
		};
		D8993AFC2F98C94500C2FDFC /* .github */ = {
			isa = PBXFileSystemSynchronizedRootGroup;
			path = .github;
			sourceTree = "<group>";
		};
		D8D4280F2F4DFD3800EC9C9B /* LonelyPianist */ = {
			isa = PBXFileSystemSynchronizedRootGroup;
			exceptions = (
				43211432ECD449DA986D359D /* Exceptions for "LonelyPianist" folder in "LonelyPianist" target */,
			);
			path = LonelyPianist;
			sourceTree = "<group>";
		};
		E10000012A9B000100000002 /* LonelyPianistTests */ = {
			isa = PBXFileSystemSynchronizedRootGroup;
			path = LonelyPianistTests;
			sourceTree = "<group>";
		};
/* End PBXFileSystemSynchronizedRootGroup section */

/* Begin PBXFrameworksBuildPhase section */
		D85596A62F83FF72005BE7FE /* Frameworks */ = {
			isa = PBXFrameworksBuildPhase;
			buildActionMask = 2147483647;
			files = (
				D85596AE2F83FF72005BE7FE /* RealityKitContent in Frameworks */,
				2D68D2A6F2F444DAB62E88DF /* ZIPFoundation in Frameworks */,
			);
			runOnlyForDeploymentPostprocessing = 0;
		};
		D85596B92F83FF74005BE7FE /* Frameworks */ = {
			isa = PBXFrameworksBuildPhase;
			buildActionMask = 2147483647;
			files = (
				D5BDD7D2BFC4449DACA31CD2 /* ZIPFoundation in Frameworks */,
			);
			runOnlyForDeploymentPostprocessing = 0;
		};
		D8D4280A2F4DFD3800EC9C9B /* Frameworks */ = {
			isa = PBXFrameworksBuildPhase;
			buildActionMask = 2147483647;
			files = (
			);
			runOnlyForDeploymentPostprocessing = 0;
		};
		E10000012A9B000100000003 /* Frameworks */ = {
			isa = PBXFrameworksBuildPhase;
			buildActionMask = 2147483647;
			files = (
			);
			runOnlyForDeploymentPostprocessing = 0;
		};
/* End PBXFrameworksBuildPhase section */

/* Begin PBXGroup section */
		D85596AB2F83FF72005BE7FE /* Packages */ = {
			isa = PBXGroup;
			children = (
				D85596AC2F83FF72005BE7FE /* RealityKitContent */,
			);
			path = Packages;
			sourceTree = "<group>";
		};
		D8D428042F4DFD3800EC9C9B = {
			isa = PBXGroup;
			children = (
				D8D4280F2F4DFD3800EC9C9B /* LonelyPianist */,
				E10000012A9B000100000002 /* LonelyPianistTests */,
				D85596AA2F83FF72005BE7FE /* LonelyPianistAVP */,
				D85596AB2F83FF72005BE7FE /* Packages */,
				D85596BF2F83FF74005BE7FE /* LonelyPianistAVPTests */,
				D8EA41B62F978A340059B709 /* LonelyPianistAVP.app */,
				D8EA41B72F978A340059B709 /* LonelyPianist.app */,
				D8EA41B82F978A340059B709 /* LonelyPianistTests.xctest */,
				D8EA41B92F978A340059B709 /* LonelyPianistAVPTests.xctest */,
				D8993AFC2F98C94500C2FDFC /* .github */,
			);
			sourceTree = "<group>";
		};
/* End PBXGroup section */

/* Begin PBXNativeTarget section */
		D85596A82F83FF72005BE7FE /* LonelyPianistAVP */ = {
			isa = PBXNativeTarget;
			buildConfigurationList = D85596C72F83FF74005BE7FE /* Build configuration list for PBXNativeTarget "LonelyPianistAVP" */;
			buildPhases = (
				D85596A52F83FF72005BE7FE /* Sources */,
				D85596A62F83FF72005BE7FE /* Frameworks */,
				D85596A72F83FF72005BE7FE /* Resources */,
			);
			buildRules = (
			);
			dependencies = (
			);
			fileSystemSynchronizedGroups = (
				D85596AA2F83FF72005BE7FE /* LonelyPianistAVP */,
			);
			name = LonelyPianistAVP;
			packageProductDependencies = (
				D85596AD2F83FF72005BE7FE /* RealityKitContent */,
				83545B10812945C78780DB2C /* ZIPFoundation */,
			);
			productName = LonelyPianistAVP;
			productReference = D8EA41B62F978A340059B709 /* LonelyPianistAVP.app */;
			productType = "com.apple.product-type.application";
		};
		D85596BB2F83FF74005BE7FE /* LonelyPianistAVPTests */ = {
			isa = PBXNativeTarget;
			buildConfigurationList = D85596C82F83FF74005BE7FE /* Build configuration list for PBXNativeTarget "LonelyPianistAVPTests" */;
			buildPhases = (
				D85596B82F83FF74005BE7FE /* Sources */,
				D85596B92F83FF74005BE7FE /* Frameworks */,
				D85596BA2F83FF74005BE7FE /* Resources */,
			);
			buildRules = (
			);
			dependencies = (
				D85596BE2F83FF74005BE7FE /* PBXTargetDependency */,
			);
			fileSystemSynchronizedGroups = (
				D85596BF2F83FF74005BE7FE /* LonelyPianistAVPTests */,
			);
			name = LonelyPianistAVPTests;
			packageProductDependencies = (
				83545B10812945C78780DB2C /* ZIPFoundation */,
			);
			productName = LonelyPianistAVPTests;
			productReference = D8EA41B92F978A340059B709 /* LonelyPianistAVPTests.xctest */;
			productType = "com.apple.product-type.bundle.unit-test";
		};
		D8D4280C2F4DFD3800EC9C9B /* LonelyPianist */ = {
			isa = PBXNativeTarget;
			buildConfigurationList = D8D428182F4DFD3900EC9C9B /* Build configuration list for PBXNativeTarget "LonelyPianist" */;
			buildPhases = (
				D8D428092F4DFD3800EC9C9B /* Sources */,
				D8D4280A2F4DFD3800EC9C9B /* Frameworks */,
				D8D4280B2F4DFD3800EC9C9B /* Resources */,
			);
			buildRules = (
			);
			dependencies = (
			);
			fileSystemSynchronizedGroups = (
				D8D4280F2F4DFD3800EC9C9B /* LonelyPianist */,
			);
			name = LonelyPianist;
			packageProductDependencies = (
			);
			productName = LonelyPianist;
			productReference = D8EA41B72F978A340059B709 /* LonelyPianist.app */;
			productType = "com.apple.product-type.application";
		};
		E10000012A9B000100000006 /* LonelyPianistTests */ = {
			isa = PBXNativeTarget;
			buildConfigurationList = E10000012A9B00010000000B /* Build configuration list for PBXNativeTarget "LonelyPianistTests" */;
			buildPhases = (
				E10000012A9B000100000004 /* Sources */,
				E10000012A9B000100000003 /* Frameworks */,
				E10000012A9B000100000005 /* Resources */,
			);
			buildRules = (
			);
			dependencies = (
				E10000012A9B000100000008 /* PBXTargetDependency */,
			);
			fileSystemSynchronizedGroups = (
				E10000012A9B000100000002 /* LonelyPianistTests */,
			);
			name = LonelyPianistTests;
			packageProductDependencies = (
			);
			productName = LonelyPianistTests;
			productReference = D8EA41B82F978A340059B709 /* LonelyPianistTests.xctest */;
			productType = "com.apple.product-type.bundle.unit-test";
		};
/* End PBXNativeTarget section */

/* Begin PBXProject section */
		D8D428052F4DFD3800EC9C9B /* Project object */ = {
			isa = PBXProject;
			attributes = {
				BuildIndependentTargetsInParallel = 1;
				LastSwiftUpdateCheck = 2640;
				LastUpgradeCheck = 2640;
				TargetAttributes = {
					D85596A82F83FF72005BE7FE = {
						CreatedOnToolsVersion = 26.4;
					};
					D85596BB2F83FF74005BE7FE = {
						CreatedOnToolsVersion = 26.4;
						TestTargetID = D85596A82F83FF72005BE7FE;
					};
					D8D4280C2F4DFD3800EC9C9B = {
						CreatedOnToolsVersion = 26.0;
					};
					E10000012A9B000100000006 = {
						CreatedOnToolsVersion = 26.0;
						TestTargetID = D8D4280C2F4DFD3800EC9C9B;
					};
				};
			};
			buildConfigurationList = D8D428082F4DFD3800EC9C9B /* Build configuration list for PBXProject "LonelyPianist" */;
			developmentRegion = en;
			hasScannedForEncodings = 0;
			knownRegions = (
				en,
				Base,
			);
			mainGroup = D8D428042F4DFD3800EC9C9B;
			minimizedProjectReferenceProxies = 1;
			packageReferences = (
				CE41CC1AE881448991CF5B94 /* ZIPFoundation */,
			);
			preferredProjectObjectVersion = 77;
			productRefGroup = D8D428042F4DFD3800EC9C9B;
			projectDirPath = "";
			projectRoot = "";
			targets = (
				D8D4280C2F4DFD3800EC9C9B /* LonelyPianist */,
				E10000012A9B000100000006 /* LonelyPianistTests */,
				D85596A82F83FF72005BE7FE /* LonelyPianistAVP */,
				D85596BB2F83FF74005BE7FE /* LonelyPianistAVPTests */,
			);
		};
/* End PBXProject section */

/* Begin XCRemoteSwiftPackageReference section */
		CE41CC1AE881448991CF5B94 /* ZIPFoundation */ = {
			isa = XCRemoteSwiftPackageReference;
			repositoryURL = "https://github.com/weichsel/ZIPFoundation";
			requirement = {
				kind = upToNextMajorVersion;
				minimumVersion = 0.9.0;
			};
		};
/* End XCRemoteSwiftPackageReference section */

/* Begin PBXResourcesBuildPhase section */
		D85596A72F83FF72005BE7FE /* Resources */ = {
			isa = PBXResourcesBuildPhase;
			buildActionMask = 2147483647;
			files = (
			);
			runOnlyForDeploymentPostprocessing = 0;
		};
		D85596BA2F83FF74005BE7FE /* Resources */ = {
			isa = PBXResourcesBuildPhase;
			buildActionMask = 2147483647;
			files = (
			);
			runOnlyForDeploymentPostprocessing = 0;
		};
		D8D4280B2F4DFD3800EC9C9B /* Resources */ = {
			isa = PBXResourcesBuildPhase;
			buildActionMask = 2147483647;
			files = (
			);
			runOnlyForDeploymentPostprocessing = 0;
		};
		E10000012A9B000100000005 /* Resources */ = {
			isa = PBXResourcesBuildPhase;
			buildActionMask = 2147483647;
			files = (
			);
			runOnlyForDeploymentPostprocessing = 0;
		};
/* End PBXResourcesBuildPhase section */

/* Begin PBXSourcesBuildPhase section */
		D85596A52F83FF72005BE7FE /* Sources */ = {
			isa = PBXSourcesBuildPhase;
			buildActionMask = 2147483647;
			files = (
			);
			runOnlyForDeploymentPostprocessing = 0;
		};
		D85596B82F83FF74005BE7FE /* Sources */ = {
			isa = PBXSourcesBuildPhase;
			buildActionMask = 2147483647;
			files = (
			);
			runOnlyForDeploymentPostprocessing = 0;
		};
		D8D428092F4DFD3800EC9C9B /* Sources */ = {
			isa = PBXSourcesBuildPhase;
			buildActionMask = 2147483647;
			files = (
			);
			runOnlyForDeploymentPostprocessing = 0;
		};
		E10000012A9B000100000004 /* Sources */ = {
			isa = PBXSourcesBuildPhase;
			buildActionMask = 2147483647;
			files = (
			);
			runOnlyForDeploymentPostprocessing = 0;
		};
/* End PBXSourcesBuildPhase section */

/* Begin PBXTargetDependency section */
		D85596BE2F83FF74005BE7FE /* PBXTargetDependency */ = {
			isa = PBXTargetDependency;
			target = D85596A82F83FF72005BE7FE /* LonelyPianistAVP */;
			targetProxy = D85596BD2F83FF74005BE7FE /* PBXContainerItemProxy */;
		};
		E10000012A9B000100000008 /* PBXTargetDependency */ = {
			isa = PBXTargetDependency;
			target = D8D4280C2F4DFD3800EC9C9B /* LonelyPianist */;
			targetProxy = E10000012A9B000100000007 /* PBXContainerItemProxy */;
		};
/* End PBXTargetDependency section */

/* Begin XCBuildConfiguration section */
		D85596C22F83FF74005BE7FE /* Debug */ = {
			isa = XCBuildConfiguration;
			buildSettings = {
				ASSETCATALOG_COMPILER_APPICON_NAME = AppIcon;
				ASSETCATALOG_COMPILER_GLOBAL_ACCENT_COLOR_NAME = AccentColor;
				CODE_SIGN_STYLE = Automatic;
				CURRENT_PROJECT_VERSION = 1;
				DEVELOPMENT_TEAM = RDQHYSDFFG;
				ENABLE_PREVIEWS = YES;
				GENERATE_INFOPLIST_FILE = YES;
				INFOPLIST_FILE = "$(TARGET_NAME)/Info.plist";
				LD_RUNPATH_SEARCH_PATHS = (
					"$(inherited)",
					"@executable_path/Frameworks",
				);
				MARKETING_VERSION = 1.0;
				PRODUCT_BUNDLE_IDENTIFIER = com.chiimagnus.LonelyPianistAVP;
				PRODUCT_NAME = "$(TARGET_NAME)";
				SDKROOT = xros;
				STRING_CATALOG_GENERATE_SYMBOLS = YES;
				SUPPORTED_PLATFORMS = "xros xrsimulator";
				SWIFT_APPROACHABLE_CONCURRENCY = YES;
				SWIFT_DEFAULT_ACTOR_ISOLATION = MainActor;
				SWIFT_EMIT_LOC_STRINGS = YES;
				SWIFT_UPCOMING_FEATURE_MEMBER_IMPORT_VISIBILITY = YES;
				SWIFT_VERSION = 5.0;
				TARGETED_DEVICE_FAMILY = 7;
				XROS_DEPLOYMENT_TARGET = 26.4;
			};
			name = Debug;
		};
		D85596C32F83FF74005BE7FE /* Release */ = {
			isa = XCBuildConfiguration;
			buildSettings = {
				ASSETCATALOG_COMPILER_APPICON_NAME = AppIcon;
				ASSETCATALOG_COMPILER_GLOBAL_ACCENT_COLOR_NAME = AccentColor;
				CODE_SIGN_STYLE = Automatic;
				CURRENT_PROJECT_VERSION = 1;
				DEVELOPMENT_TEAM = RDQHYSDFFG;
				ENABLE_PREVIEWS = YES;
				GENERATE_INFOPLIST_FILE = YES;
				INFOPLIST_FILE = "$(TARGET_NAME)/Info.plist";
				LD_RUNPATH_SEARCH_PATHS = (
					"$(inherited)",
					"@executable_path/Frameworks",
				);
				MARKETING_VERSION = 1.0;
				PRODUCT_BUNDLE_IDENTIFIER = com.chiimagnus.LonelyPianistAVP;
				PRODUCT_NAME = "$(TARGET_NAME)";
				SDKROOT = xros;
				STRING_CATALOG_GENERATE_SYMBOLS = YES;
				SUPPORTED_PLATFORMS = "xros xrsimulator";
				SWIFT_APPROACHABLE_CONCURRENCY = YES;
				SWIFT_DEFAULT_ACTOR_ISOLATION = MainActor;
				SWIFT_EMIT_LOC_STRINGS = YES;
				SWIFT_UPCOMING_FEATURE_MEMBER_IMPORT_VISIBILITY = YES;
				SWIFT_VERSION = 5.0;
				TARGETED_DEVICE_FAMILY = 7;
				VALIDATE_PRODUCT = YES;
				XROS_DEPLOYMENT_TARGET = 26.4;
			};
			name = Release;
		};
		D85596C42F83FF74005BE7FE /* Debug */ = {
			isa = XCBuildConfiguration;
			buildSettings = {
				BUNDLE_LOADER = "$(TEST_HOST)";
				CODE_SIGN_STYLE = Automatic;
				CURRENT_PROJECT_VERSION = 1;
				DEVELOPMENT_TEAM = RDQHYSDFFG;
				GENERATE_INFOPLIST_FILE = YES;
				MARKETING_VERSION = 1.0;
				PRODUCT_BUNDLE_IDENTIFIER = com.chiimagnus.LonelyPianistAVPTests;
				PRODUCT_NAME = "$(TARGET_NAME)";
				SDKROOT = xros;
				STRING_CATALOG_GENERATE_SYMBOLS = NO;
				SUPPORTED_PLATFORMS = "xros xrsimulator";
				SWIFT_APPROACHABLE_CONCURRENCY = YES;
				SWIFT_EMIT_LOC_STRINGS = NO;
				SWIFT_UPCOMING_FEATURE_MEMBER_IMPORT_VISIBILITY = YES;
				SWIFT_VERSION = 5.0;
				TARGETED_DEVICE_FAMILY = 7;
				TEST_HOST = "$(BUILT_PRODUCTS_DIR)/LonelyPianistAVP.app/$(BUNDLE_EXECUTABLE_FOLDER_PATH)/LonelyPianistAVP";
				XROS_DEPLOYMENT_TARGET = 26.4;
			};
			name = Debug;
		};
		D85596C52F83FF74005BE7FE /* Release */ = {
			isa = XCBuildConfiguration;
			buildSettings = {
				BUNDLE_LOADER = "$(TEST_HOST)";
				CODE_SIGN_STYLE = Automatic;
				CURRENT_PROJECT_VERSION = 1;
				DEVELOPMENT_TEAM = RDQHYSDFFG;
				GENERATE_INFOPLIST_FILE = YES;
				MARKETING_VERSION = 1.0;
				PRODUCT_BUNDLE_IDENTIFIER = com.chiimagnus.LonelyPianistAVPTests;
				PRODUCT_NAME = "$(TARGET_NAME)";
				SDKROOT = xros;
				STRING_CATALOG_GENERATE_SYMBOLS = NO;
				SUPPORTED_PLATFORMS = "xros xrsimulator";
				SWIFT_APPROACHABLE_CONCURRENCY = YES;
				SWIFT_EMIT_LOC_STRINGS = NO;
				SWIFT_UPCOMING_FEATURE_MEMBER_IMPORT_VISIBILITY = YES;
				SWIFT_VERSION = 5.0;
				TARGETED_DEVICE_FAMILY = 7;
				TEST_HOST = "$(BUILT_PRODUCTS_DIR)/LonelyPianistAVP.app/$(BUNDLE_EXECUTABLE_FOLDER_PATH)/LonelyPianistAVP";
				VALIDATE_PRODUCT = YES;
				XROS_DEPLOYMENT_TARGET = 26.4;
			};
			name = Release;
		};
		D8D428162F4DFD3900EC9C9B /* Debug */ = {
			isa = XCBuildConfiguration;
			buildSettings = {
				ALWAYS_SEARCH_USER_PATHS = NO;
				ASSETCATALOG_COMPILER_GENERATE_SWIFT_ASSET_SYMBOL_EXTENSIONS = YES;
				CLANG_ANALYZER_NONNULL = YES;
				CLANG_ANALYZER_NUMBER_OBJECT_CONVERSION = YES_AGGRESSIVE;
				CLANG_CXX_LANGUAGE_STANDARD = "gnu++20";
				CLANG_ENABLE_MODULES = YES;
				CLANG_ENABLE_OBJC_ARC = YES;
				CLANG_ENABLE_OBJC_WEAK = YES;
				CLANG_WARN_BLOCK_CAPTURE_AUTORELEASING = YES;
				CLANG_WARN_BOOL_CONVERSION = YES;
				CLANG_WARN_COMMA = YES;
				CLANG_WARN_CONSTANT_CONVERSION = YES;
				CLANG_WARN_DEPRECATED_OBJC_IMPLEMENTATIONS = YES;
				CLANG_WARN_DIRECT_OBJC_ISA_USAGE = YES_ERROR;
				CLANG_WARN_DOCUMENTATION_COMMENTS = YES;
				CLANG_WARN_EMPTY_BODY = YES;
				CLANG_WARN_ENUM_CONVERSION = YES;
				CLANG_WARN_INFINITE_RECURSION = YES;
				CLANG_WARN_INT_CONVERSION = YES;
				CLANG_WARN_NON_LITERAL_NULL_CONVERSION = YES;
				CLANG_WARN_OBJC_IMPLICIT_RETAIN_SELF = YES;
				CLANG_WARN_OBJC_LITERAL_CONVERSION = YES;
				CLANG_WARN_OBJC_ROOT_CLASS = YES_ERROR;
				CLANG_WARN_QUOTED_INCLUDE_IN_FRAMEWORK_HEADER = YES;
				CLANG_WARN_RANGE_LOOP_ANALYSIS = YES;
				CLANG_WARN_STRICT_PROTOTYPES = YES;
				CLANG_WARN_SUSPICIOUS_MOVE = YES;
				CLANG_WARN_UNGUARDED_AVAILABILITY = YES_AGGRESSIVE;
				CLANG_WARN_UNREACHABLE_CODE = YES;
				CLANG_WARN__DUPLICATE_METHOD_MATCH = YES;
				COPY_PHASE_STRIP = NO;
				DEAD_CODE_STRIPPING = YES;
				DEBUG_INFORMATION_FORMAT = dwarf;
				DEVELOPMENT_TEAM = RDQHYSDFFG;
				ENABLE_STRICT_OBJC_MSGSEND = YES;
				ENABLE_TESTABILITY = YES;
				ENABLE_USER_SCRIPT_SANDBOXING = YES;
				GCC_C_LANGUAGE_STANDARD = gnu17;
				GCC_DYNAMIC_NO_PIC = NO;
				GCC_NO_COMMON_BLOCKS = YES;
				GCC_OPTIMIZATION_LEVEL = 0;
				GCC_PREPROCESSOR_DEFINITIONS = (
					"DEBUG=1",
					"$(inherited)",
				);
				GCC_WARN_64_TO_32_BIT_CONVERSION = YES;
				GCC_WARN_ABOUT_RETURN_TYPE = YES_ERROR;
				GCC_WARN_UNDECLARED_SELECTOR = YES;
				GCC_WARN_UNINITIALIZED_AUTOS = YES_AGGRESSIVE;
				GCC_WARN_UNUSED_FUNCTION = YES;
				GCC_WARN_UNUSED_VARIABLE = YES;
				LOCALIZATION_PREFERS_STRING_CATALOGS = YES;
				MACOSX_DEPLOYMENT_TARGET = 26.0;
				MTL_ENABLE_DEBUG_INFO = INCLUDE_SOURCE;
				MTL_FAST_MATH = YES;
				ONLY_ACTIVE_ARCH = YES;
				SDKROOT = macosx;
				STRING_CATALOG_GENERATE_SYMBOLS = YES;
				SWIFT_ACTIVE_COMPILATION_CONDITIONS = "DEBUG $(inherited)";
				SWIFT_OPTIMIZATION_LEVEL = "-Onone";
			};
			name = Debug;
		};
		D8D428172F4DFD3900EC9C9B /* Release */ = {
			isa = XCBuildConfiguration;
			buildSettings = {
				ALWAYS_SEARCH_USER_PATHS = NO;
				ASSETCATALOG_COMPILER_GENERATE_SWIFT_ASSET_SYMBOL_EXTENSIONS = YES;
				CLANG_ANALYZER_NONNULL = YES;
				CLANG_ANALYZER_NUMBER_OBJECT_CONVERSION = YES_AGGRESSIVE;
				CLANG_CXX_LANGUAGE_STANDARD = "gnu++20";
				CLANG_ENABLE_MODULES = YES;
				CLANG_ENABLE_OBJC_ARC = YES;
				CLANG_ENABLE_OBJC_WEAK = YES;
				CLANG_WARN_BLOCK_CAPTURE_AUTORELEASING = YES;
				CLANG_WARN_BOOL_CONVERSION = YES;
				CLANG_WARN_COMMA = YES;
				CLANG_WARN_CONSTANT_CONVERSION = YES;
				CLANG_WARN_DEPRECATED_OBJC_IMPLEMENTATIONS = YES;
				CLANG_WARN_DIRECT_OBJC_ISA_USAGE = YES_ERROR;
				CLANG_WARN_DOCUMENTATION_COMMENTS = YES;
				CLANG_WARN_EMPTY_BODY = YES;
				CLANG_WARN_ENUM_CONVERSION = YES;
				CLANG_WARN_INFINITE_RECURSION = YES;
				CLANG_WARN_INT_CONVERSION = YES;
				CLANG_WARN_NON_LITERAL_NULL_CONVERSION = YES;
				CLANG_WARN_OBJC_IMPLICIT_RETAIN_SELF = YES;
				CLANG_WARN_OBJC_LITERAL_CONVERSION = YES;
				CLANG_WARN_OBJC_ROOT_CLASS = YES_ERROR;
				CLANG_WARN_QUOTED_INCLUDE_IN_FRAMEWORK_HEADER = YES;
				CLANG_WARN_RANGE_LOOP_ANALYSIS = YES;
				CLANG_WARN_STRICT_PROTOTYPES = YES;
				CLANG_WARN_SUSPICIOUS_MOVE = YES;
				CLANG_WARN_UNGUARDED_AVAILABILITY = YES_AGGRESSIVE;
				CLANG_WARN_UNREACHABLE_CODE = YES;
				CLANG_WARN__DUPLICATE_METHOD_MATCH = YES;
				COPY_PHASE_STRIP = NO;
				DEAD_CODE_STRIPPING = YES;
				DEBUG_INFORMATION_FORMAT = "dwarf-with-dsym";
				DEVELOPMENT_TEAM = RDQHYSDFFG;
				ENABLE_NS_ASSERTIONS = NO;
				ENABLE_STRICT_OBJC_MSGSEND = YES;
				ENABLE_USER_SCRIPT_SANDBOXING = YES;
				GCC_C_LANGUAGE_STANDARD = gnu17;
				GCC_NO_COMMON_BLOCKS = YES;
				GCC_WARN_64_TO_32_BIT_CONVERSION = YES;
				GCC_WARN_ABOUT_RETURN_TYPE = YES_ERROR;
				GCC_WARN_UNDECLARED_SELECTOR = YES;
				GCC_WARN_UNINITIALIZED_AUTOS = YES_AGGRESSIVE;
				GCC_WARN_UNUSED_FUNCTION = YES;
				GCC_WARN_UNUSED_VARIABLE = YES;
				LOCALIZATION_PREFERS_STRING_CATALOGS = YES;
				MACOSX_DEPLOYMENT_TARGET = 26.0;
				MTL_ENABLE_DEBUG_INFO = NO;
				MTL_FAST_MATH = YES;
				SDKROOT = macosx;
				STRING_CATALOG_GENERATE_SYMBOLS = YES;
				SWIFT_COMPILATION_MODE = wholemodule;
			};
			name = Release;
		};
		D8D428192F4DFD3900EC9C9B /* Debug */ = {
			isa = XCBuildConfiguration;
			buildSettings = {
				ASSETCATALOG_COMPILER_APPICON_NAME = AppIcon;
				ASSETCATALOG_COMPILER_GLOBAL_ACCENT_COLOR_NAME = AccentColor;
				CODE_SIGN_ENTITLEMENTS = LonelyPianist/LonelyPianist.entitlements;
				CODE_SIGN_STYLE = Automatic;
				COMBINE_HIDPI_IMAGES = YES;
				CURRENT_PROJECT_VERSION = 1;
				DEAD_CODE_STRIPPING = YES;
				DEVELOPMENT_TEAM = RDQHYSDFFG;
				ENABLE_APP_SANDBOX = YES;
				ENABLE_HARDENED_RUNTIME = YES;
				ENABLE_PREVIEWS = YES;
				ENABLE_USER_SELECTED_FILES = readonly;
				GENERATE_INFOPLIST_FILE = YES;
				INFOPLIST_FILE = LonelyPianist/Info.plist;
				INFOPLIST_KEY_LSApplicationCategoryType = "public.app-category.music";
				INFOPLIST_KEY_LSUIElement = NO;
				INFOPLIST_KEY_NSHumanReadableCopyright = "";
				LD_RUNPATH_SEARCH_PATHS = (
					"$(inherited)",
					"@executable_path/../Frameworks",
				);
				MARKETING_VERSION = 1.0;
				PRODUCT_BUNDLE_IDENTIFIER = com.chiimagnus.LonelyPianist;
				PRODUCT_NAME = "$(TARGET_NAME)";
				REGISTER_APP_GROUPS = YES;
				STRING_CATALOG_GENERATE_SYMBOLS = YES;
				SUPPORTED_PLATFORMS = "macosx xros xrsimulator";
				SUPPORTS_MACCATALYST = NO;
				SWIFT_APPROACHABLE_CONCURRENCY = YES;
				SWIFT_DEFAULT_ACTOR_ISOLATION = MainActor;
				SWIFT_EMIT_LOC_STRINGS = YES;
				SWIFT_UPCOMING_FEATURE_MEMBER_IMPORT_VISIBILITY = YES;
				SWIFT_VERSION = 5.0;
				TARGETED_DEVICE_FAMILY = 7;
				XROS_DEPLOYMENT_TARGET = 26.0;
			};
			name = Debug;
		};
		D8D4281A2F4DFD3900EC9C9B /* Release */ = {
			isa = XCBuildConfiguration;
			buildSettings = {
				ASSETCATALOG_COMPILER_APPICON_NAME = AppIcon;
				ASSETCATALOG_COMPILER_GLOBAL_ACCENT_COLOR_NAME = AccentColor;
				CODE_SIGN_ENTITLEMENTS = LonelyPianist/LonelyPianist.entitlements;
				CODE_SIGN_STYLE = Automatic;
				COMBINE_HIDPI_IMAGES = YES;
				CURRENT_PROJECT_VERSION = 1;
				DEAD_CODE_STRIPPING = YES;
				DEVELOPMENT_TEAM = RDQHYSDFFG;
				ENABLE_APP_SANDBOX = YES;
				ENABLE_HARDENED_RUNTIME = YES;
				ENABLE_PREVIEWS = YES;
				ENABLE_USER_SELECTED_FILES = readonly;
				GENERATE_INFOPLIST_FILE = YES;
				INFOPLIST_FILE = LonelyPianist/Info.plist;
				INFOPLIST_KEY_LSApplicationCategoryType = "public.app-category.music";
				INFOPLIST_KEY_LSUIElement = NO;
				INFOPLIST_KEY_NSHumanReadableCopyright = "";
				LD_RUNPATH_SEARCH_PATHS = (
					"$(inherited)",
					"@executable_path/../Frameworks",
				);
				MARKETING_VERSION = 1.0;
				PRODUCT_BUNDLE_IDENTIFIER = com.chiimagnus.LonelyPianist;
				PRODUCT_NAME = "$(TARGET_NAME)";
				REGISTER_APP_GROUPS = YES;
				STRING_CATALOG_GENERATE_SYMBOLS = YES;
				SUPPORTED_PLATFORMS = "macosx xros xrsimulator";
				SUPPORTS_MACCATALYST = NO;
				SWIFT_APPROACHABLE_CONCURRENCY = YES;
				SWIFT_DEFAULT_ACTOR_ISOLATION = MainActor;
				SWIFT_EMIT_LOC_STRINGS = YES;
				SWIFT_UPCOMING_FEATURE_MEMBER_IMPORT_VISIBILITY = YES;
				SWIFT_VERSION = 5.0;
				TARGETED_DEVICE_FAMILY = 7;
				XROS_DEPLOYMENT_TARGET = 26.0;
			};
			name = Release;
		};
		E10000012A9B000100000009 /* Debug */ = {
			isa = XCBuildConfiguration;
			buildSettings = {
				BUNDLE_LOADER = "$(BUILT_PRODUCTS_DIR)/LonelyPianist.app/Contents/MacOS/LonelyPianist.debug.dylib";
				CODE_SIGN_STYLE = Automatic;
				CURRENT_PROJECT_VERSION = 1;
				DEAD_CODE_STRIPPING = YES;
				DEVELOPMENT_TEAM = RDQHYSDFFG;
				GENERATE_INFOPLIST_FILE = YES;
				LD_RUNPATH_SEARCH_PATHS = (
					"$(inherited)",
					"@executable_path/../Frameworks",
					"@loader_path/../Frameworks",
					"$(BUILT_PRODUCTS_DIR)/LonelyPianist.app/Contents/MacOS",
				);
				MACOSX_DEPLOYMENT_TARGET = 26.0;
				MARKETING_VERSION = 1.0;
				PRODUCT_BUNDLE_IDENTIFIER = com.chiimagnus.LonelyPianistTests;
				PRODUCT_NAME = "$(TARGET_NAME)";
				SWIFT_ACTIVE_COMPILATION_CONDITIONS = "DEBUG $(inherited)";
				SWIFT_VERSION = 5.0;
				TEST_HOST = "";
				TEST_TARGET_NAME = "";
			};
			name = Debug;
		};
		E10000012A9B00010000000A /* Release */ = {
			isa = XCBuildConfiguration;
			buildSettings = {
				BUNDLE_LOADER = "$(BUILT_PRODUCTS_DIR)/LonelyPianist.app/Contents/MacOS/LonelyPianist.debug.dylib";
				CODE_SIGN_STYLE = Automatic;
				CURRENT_PROJECT_VERSION = 1;
				DEAD_CODE_STRIPPING = YES;
				DEVELOPMENT_TEAM = RDQHYSDFFG;
				GENERATE_INFOPLIST_FILE = YES;
				LD_RUNPATH_SEARCH_PATHS = (
					"$(inherited)",
					"@executable_path/../Frameworks",
					"@loader_path/../Frameworks",
					"$(BUILT_PRODUCTS_DIR)/LonelyPianist.app/Contents/MacOS",
				);
				MACOSX_DEPLOYMENT_TARGET = 26.0;
				MARKETING_VERSION = 1.0;
				PRODUCT_BUNDLE_IDENTIFIER = com.chiimagnus.LonelyPianistTests;
				PRODUCT_NAME = "$(TARGET_NAME)";
				SWIFT_VERSION = 5.0;
				TEST_HOST = "";
				TEST_TARGET_NAME = "";
			};
			name = Release;
		};
/* End XCBuildConfiguration section */

/* Begin XCConfigurationList section */
		D85596C72F83FF74005BE7FE /* Build configuration list for PBXNativeTarget "LonelyPianistAVP" */ = {
			isa = XCConfigurationList;
			buildConfigurations = (
				D85596C22F83FF74005BE7FE /* Debug */,
				D85596C32F83FF74005BE7FE /* Release */,
			);
			defaultConfigurationIsVisible = 0;
			defaultConfigurationName = Release;
		};
		D85596C82F83FF74005BE7FE /* Build configuration list for PBXNativeTarget "LonelyPianistAVPTests" */ = {
			isa = XCConfigurationList;
			buildConfigurations = (
				D85596C42F83FF74005BE7FE /* Debug */,
				D85596C52F83FF74005BE7FE /* Release */,
			);
			defaultConfigurationIsVisible = 0;
			defaultConfigurationName = Release;
		};
		D8D428082F4DFD3800EC9C9B /* Build configuration list for PBXProject "LonelyPianist" */ = {
			isa = XCConfigurationList;
			buildConfigurations = (
				D8D428162F4DFD3900EC9C9B /* Debug */,
				D8D428172F4DFD3900EC9C9B /* Release */,
			);
			defaultConfigurationIsVisible = 0;
			defaultConfigurationName = Release;
		};
		D8D428182F4DFD3900EC9C9B /* Build configuration list for PBXNativeTarget "LonelyPianist" */ = {
			isa = XCConfigurationList;
			buildConfigurations = (
				D8D428192F4DFD3900EC9C9B /* Debug */,
				D8D4281A2F4DFD3900EC9C9B /* Release */,
			);
			defaultConfigurationIsVisible = 0;
			defaultConfigurationName = Release;
		};
		E10000012A9B00010000000B /* Build configuration list for PBXNativeTarget "LonelyPianistTests" */ = {
			isa = XCConfigurationList;
			buildConfigurations = (
				E10000012A9B000100000009 /* Debug */,
				E10000012A9B00010000000A /* Release */,
			);
			defaultConfigurationIsVisible = 0;
			defaultConfigurationName = Release;
		};
/* End XCConfigurationList section */

/* Begin XCSwiftPackageProductDependency section */
		D85596AD2F83FF72005BE7FE /* RealityKitContent */ = {
			isa = XCSwiftPackageProductDependency;
			productName = RealityKitContent;
		};
		83545B10812945C78780DB2C /* ZIPFoundation */ = {
			isa = XCSwiftPackageProductDependency;
			package = CE41CC1AE881448991CF5B94 /* ZIPFoundation */;
			productName = ZIPFoundation;
		};
/* End XCSwiftPackageProductDependency section */
	};
	rootObject = D8D428052F4DFD3800EC9C9B /* Project object */;
}
